
Microsoft Visual Studio Solution File, Format Version 12.00
# Visual Studio Version 17
VisualStudioVersion = 17.7.34031.279
MinimumVisualStudioVersion = 10.0.40219.1
Project("{9A19103F-16F7-4668-BE54-9A1E7A4F7556}") = "NotesApp", "NotesApp\NotesApp.csproj", "{DB6D333E-0A3E-4559-BC67-AA84E8F56B2C}"
EndProject
Project("{9A19103F-16F7-4668-BE54-9A1E7A4F7556}") = "NoteApp_Console", "NoteApp_Console\NoteApp_Console.csproj", "{7165089F-EE3B-4550-846F-8F1D8A32BD10}"
EndProject
Project("{9A19103F-16F7-4668-BE54-9A1E7A4F7556}") = "SelectApp", "SelectApp\SelectApp.csproj", "{E450A050-F115-449F-9EBE-FB10D6851E46}"
EndProject
Project("{9A19103F-16F7-4668-BE54-9A1E7A4F7556}") = "ASP_EF", "ASP_EF\ASP_EF.csproj", "{D931CF3D-4779-43EF-8E62-D34BC34A9FAA}"
EndProject
Global
	GlobalSection(SolutionConfigurationPlatforms) = preSolution
		Debug|Any CPU = Debug|Any CPU
		Release|Any CPU = Release|Any CPU
	EndGlobalSection
	GlobalSection(ProjectConfigurationPlatforms) = postSolution
		{DB6D333E-0A3E-4559-BC67-AA84E8F56B2C}.Debug|Any CPU.ActiveCfg = Debug|Any CPU
		{DB6D333E-0A3E-4559-BC67-AA84E8F56B2C}.Debug|Any CPU.Build.0 = Debug|Any CPU
		{DB6D333E-0A3E-4559-BC67-AA84E8F56B2C}.Release|Any CPU.ActiveCfg = Release|Any CPU
		{DB6D333E-0A3E-4559-BC67-AA84E8F56B2C}.Release|Any CPU.Build.0 = Release|Any CPU
		{7165089F-EE3B-4550-846F-8F1D8A32BD10}.Debug|Any CPU.ActiveCfg = Debug|Any CPU
		{7165089F-EE3B-4550-846F-8F1D8A32BD10}.Debug|Any CPU.Build.0 = Debug|Any CPU
		{7165089F-EE3B-4550-846F-8F1D8A32BD10}.Release|Any CPU.ActiveCfg = Release|Any CPU
		{7165089F-EE3B-4550-846F-8F1D8A32BD10}.Release|Any CPU.Build.0 = Release|Any CPU
		{E450A050-F115-449F-9EBE-FB10D6851E46}.Debug|Any CPU.ActiveCfg = Debug|Any CPU
		{E450A050-F115-449F-9EBE-FB10D6851E46}.Debug|Any CPU.Build.0 = Debug|Any CPU
		{E450A050-F115-449F-9EBE-FB10D6851E46}.Release|Any CPU.ActiveCfg = Release|Any CPU
		{E450A050-F115-449F-9EBE-FB10D6851E46}.Release|Any CPU.Build.0 = Release|Any CPU
		{D931CF3D-4779-43EF-8E62-D34BC34A9FAA}.Debug|Any CPU.ActiveCfg = Debug|Any CPU
		{D931CF3D-4779-43EF-8E62-D34BC34A9FAA}.Debug|Any CPU.Build.0 = Debug|Any CPU
		{D931CF3D-4779-43EF-8E62-D34BC34A9FAA}.Release|Any CPU.ActiveCfg = Release|Any CPU
		{D931CF3D-4779-43EF-8E62-D34BC34A9FAA}.Release|Any CPU.Build.0 = Release|Any CPU
	EndGlobalSection
	GlobalSection(SolutionProperties) = preSolution
		HideSolutionNode = FALSE
	EndGlobalSection
	GlobalSection(ExtensibilityGlobals) = postSolution
		SolutionGuid = {FD35D7EB-1086-473D-8C6A-8D60AB7BFD6C}
	EndGlobalSection
EndGlobal
